
Microsoft Visual Studio Solution File, Format Version 12.00
# Visual Studio Version 17
VisualStudioVersion = 17.4.33213.308
MinimumVisualStudioVersion = 10.0.40219.1
Project("{FAE04EC0-301F-11D3-BF4B-00C04F79EFBC}") = "lab8magicball", "lab8magicball\lab8magicball.csproj", "{5747AD17-A26A-4186-AB67-43DEDA082EE4}"
EndProject
Global
	GlobalSection(SolutionConfigurationPlatforms) = preSolution
		Debug|Any CPU = Debug|Any CPU
		Release|Any CPU = Release|Any CPU
	EndGlobalSection
	GlobalSection(ProjectConfigurationPlatforms) = postSolution
		{5747AD17-A26A-4186-AB67-43DEDA082EE4}.Debug|Any CPU.ActiveCfg = Debug|Any CPU
		{5747AD17-A26A-4186-AB67-43DEDA082EE4}.Debug|Any CPU.Build.0 = Debug|Any CPU
		{5747AD17-A26A-4186-AB67-43DEDA082EE4}.Release|Any CPU.ActiveCfg = Release|Any CPU
		{5747AD17-A26A-4186-AB67-43DEDA082EE4}.Release|Any CPU.Build.0 = Release|Any CPU
	EndGlobalSection
	GlobalSection(SolutionProperties) = preSolution
		HideSolutionNode = FALSE
	EndGlobalSection
	GlobalSection(ExtensibilityGlobals) = postSolution
		SolutionGuid = {ED538757-9F42-4996-92E9-B081B77FF623}
	EndGlobalSection
EndGlobal
